
Microsoft Visual Studio Solution File, Format Version 12.00
# Visual Studio Version 17
VisualStudioVersion = 17.14.36429.23
MinimumVisualStudioVersion = 10.0.40219.1
Project("{8BC9CEB8-8B4A-11D0-8D11-00A0C91BC942}") = "LongestPalindromicSubstring", "LongestPalindromicSubstring.vcxproj", "{5309757A-0A8E-4494-A618-0F52AE7A2F1C}"
EndProject
Project("{8BC9CEB8-8B4A-11D0-8D11-00A0C91BC942}") = "LinkedListCycle", "..\LinkedListCycle\LinkedListCycle.vcxproj", "{7AF77BA1-5C42-4CBB-85A7-D582E45C2D61}"
EndProject
Project("{8BC9CEB8-8B4A-11D0-8D11-00A0C91BC942}") = "MergeSortedArray", "..\MergeSortedArray\MergeSortedArray.vcxproj", "{1AF3088E-9894-4A5D-B7AC-7E8BFFAA2497}"
EndProject
Project("{8BC9CEB8-8B4A-11D0-8D11-00A0C91BC942}") = "ReverseString", "..\ReverseString\ReverseString.vcxproj", "{C6E9F408-163A-447D-8C02-653303A8E11E}"
EndProject
Project("{8BC9CEB8-8B4A-11D0-8D11-00A0C91BC942}") = "SymmetricTree", "..\SymmetricTree\SymmetricTree.vcxproj", "{7B77A37C-AEBA-4A8F-8BEF-82CD7A276DDA}"
EndProject
Project("{8BC9CEB8-8B4A-11D0-8D11-00A0C91BC942}") = "ClimbingStairs", "..\ClimbingStairs\ClimbingStairs.vcxproj", "{1929DA39-0D49-4BAC-A473-4B096B163B3A}"
EndProject
Project("{8BC9CEB8-8B4A-11D0-8D11-00A0C91BC942}") = "MinCostClimbingStairs", "..\MinCostClimbingStairs\MinCostClimbingStairs.vcxproj", "{4FA4112A-BB5D-4799-9AEA-440B9789D386}"
EndProject
Project("{8BC9CEB8-8B4A-11D0-8D11-00A0C91BC942}") = "HouseRobber", "..\HouseRobber\HouseRobber.vcxproj", "{7F1A6582-8FC8-4031-9002-76098DC9CF2F}"
EndProject
Project("{8BC9CEB8-8B4A-11D0-8D11-00A0C91BC942}") = "FibonacciNumber", "..\FibonacciNumber\FibonacciNumber.vcxproj", "{7769962C-E750-4589-A24F-21401A1756D4}"
EndProject
Project("{8BC9CEB8-8B4A-11D0-8D11-00A0C91BC942}") = "CoinChange", "..\CoinChange\CoinChange.vcxproj", "{DA195D44-A1FC-427E-A643-C1976F32F0BB}"
EndProject
Project("{8BC9CEB8-8B4A-11D0-8D11-00A0C91BC942}") = "TribonacciNumber", "..\TribonacciNumber\TribonacciNumber.vcxproj", "{16C76F8D-4A4C-4EAE-B897-3A1A15D8F650}"
EndProject
Project("{8BC9CEB8-8B4A-11D0-8D11-00A0C91BC942}") = "ContainerWithMostWater", "..\ContainerWithMostWater\ContainerWithMostWater.vcxproj", "{1115553E-4072-442D-B72B-29A7F75C900B}"
EndProject
Project("{8BC9CEB8-8B4A-11D0-8D11-00A0C91BC942}") = "LongestSubstringWithoutRepeatingCharacters", "..\LongestSubstringWithoutRepeatingCharacters\LongestSubstringWithoutRepeatingCharacters.vcxproj", "{327B1216-37D5-4848-9965-7BB9992C85AC}"
EndProject
Project("{8BC9CEB8-8B4A-11D0-8D11-00A0C91BC942}") = "DataStructure", "..\DataStructure\DataStructure.vcxproj", "{A8C4F5EA-1E65-4641-A967-11958644F248}"
EndProject
Project("{8BC9CEB8-8B4A-11D0-8D11-00A0C91BC942}") = "SearchinRotatedSortedArray", "..\SearchinRotatedSortedArray\SearchinRotatedSortedArray.vcxproj", "{37FFFD0F-24AC-4560-B02A-578D81B15AF0}"
EndProject
Project("{8BC9CEB8-8B4A-11D0-8D11-00A0C91BC942}") = "MergeIntervals", "..\MergeIntervals\MergeIntervals.vcxproj", "{78C674A0-06F0-40D2-836D-9F1076F0DA6D}"
EndProject
Project("{8BC9CEB8-8B4A-11D0-8D11-00A0C91BC942}") = "JumpGame", "..\JumpGame\JumpGame.vcxproj", "{9C897EE8-F3ED-4A8E-B6AD-94EEF2C4B7D7}"
EndProject
Project("{8BC9CEB8-8B4A-11D0-8D11-00A0C91BC942}") = "HashMap", "..\HashMap\HashMap.vcxproj", "{0D451CE4-D37E-4230-A626-23DE8F5FE520}"
EndProject
Project("{8BC9CEB8-8B4A-11D0-8D11-00A0C91BC942}") = "TwoSum", "..\TwoSum\TwoSum.vcxproj", "{0BC1584F-0057-4223-81B4-AF632867CFF8}"
EndProject
Project("{8BC9CEB8-8B4A-11D0-8D11-00A0C91BC942}") = "ReverseLinkedList", "..\ReverseLinkedList\ReverseLinkedList.vcxproj", "{825B763F-2556-47DE-9BD6-9E2D5D66761E}"
EndProject
Project("{8BC9CEB8-8B4A-11D0-8D11-00A0C91BC942}") = "MinStack", "..\MinStack\MinStack.vcxproj", "{CF70921D-3358-468E-A4A8-138AB3F50AD2}"
EndProject
Project("{8BC9CEB8-8B4A-11D0-8D11-00A0C91BC942}") = "ValidParentheses", "..\ValidParentheses\ValidParentheses.vcxproj", "{3B9FC9F3-37C8-45EC-B5B7-CD2F34CE1D81}"
EndProject
Project("{8BC9CEB8-8B4A-11D0-8D11-00A0C91BC942}") = "LRUCache", "..\LRUCache\LRUCache.vcxproj", "{4730076A-9681-48BF-868E-CF781602491E}"
EndProject
Project("{8BC9CEB8-8B4A-11D0-8D11-00A0C91BC942}") = "MultiplyStrings", "..\MultiplyStrings\MultiplyStrings.vcxproj", "{9BA65E37-07BB-4592-9D49-82B7F6878471}"
EndProject
Project("{8BC9CEB8-8B4A-11D0-8D11-00A0C91BC942}") = "CourseSchedule", "..\CourseSchedule\CourseSchedule.vcxproj", "{00FC9CEE-5D27-4AA5-AF82-26EAB1A5E580}"
EndProject
Global
	GlobalSection(SolutionConfigurationPlatforms) = preSolution
		Debug|x64 = Debug|x64
		Debug|x86 = Debug|x86
		Release|x64 = Release|x64
		Release|x86 = Release|x86
	EndGlobalSection
	GlobalSection(ProjectConfigurationPlatforms) = postSolution
		{5309757A-0A8E-4494-A618-0F52AE7A2F1C}.Debug|x64.ActiveCfg = Debug|x64
		{5309757A-0A8E-4494-A618-0F52AE7A2F1C}.Debug|x64.Build.0 = Debug|x64
		{5309757A-0A8E-4494-A618-0F52AE7A2F1C}.Debug|x86.ActiveCfg = Debug|Win32
		{5309757A-0A8E-4494-A618-0F52AE7A2F1C}.Debug|x86.Build.0 = Debug|Win32
		{5309757A-0A8E-4494-A618-0F52AE7A2F1C}.Release|x64.ActiveCfg = Release|x64
		{5309757A-0A8E-4494-A618-0F52AE7A2F1C}.Release|x64.Build.0 = Release|x64
		{5309757A-0A8E-4494-A618-0F52AE7A2F1C}.Release|x86.ActiveCfg = Release|Win32
		{5309757A-0A8E-4494-A618-0F52AE7A2F1C}.Release|x86.Build.0 = Release|Win32
		{7AF77BA1-5C42-4CBB-85A7-D582E45C2D61}.Debug|x64.ActiveCfg = Debug|x64
		{7AF77BA1-5C42-4CBB-85A7-D582E45C2D61}.Debug|x64.Build.0 = Debug|x64
		{7AF77BA1-5C42-4CBB-85A7-D582E45C2D61}.Debug|x86.ActiveCfg = Debug|Win32
		{7AF77BA1-5C42-4CBB-85A7-D582E45C2D61}.Debug|x86.Build.0 = Debug|Win32
		{7AF77BA1-5C42-4CBB-85A7-D582E45C2D61}.Release|x64.ActiveCfg = Release|x64
		{7AF77BA1-5C42-4CBB-85A7-D582E45C2D61}.Release|x64.Build.0 = Release|x64
		{7AF77BA1-5C42-4CBB-85A7-D582E45C2D61}.Release|x86.ActiveCfg = Release|Win32
		{7AF77BA1-5C42-4CBB-85A7-D582E45C2D61}.Release|x86.Build.0 = Release|Win32
		{1AF3088E-9894-4A5D-B7AC-7E8BFFAA2497}.Debug|x64.ActiveCfg = Debug|x64
		{1AF3088E-9894-4A5D-B7AC-7E8BFFAA2497}.Debug|x64.Build.0 = Debug|x64
		{1AF3088E-9894-4A5D-B7AC-7E8BFFAA2497}.Debug|x86.ActiveCfg = Debug|Win32
		{1AF3088E-9894-4A5D-B7AC-7E8BFFAA2497}.Debug|x86.Build.0 = Debug|Win32
		{1AF3088E-9894-4A5D-B7AC-7E8BFFAA2497}.Release|x64.ActiveCfg = Release|x64
		{1AF3088E-9894-4A5D-B7AC-7E8BFFAA2497}.Release|x64.Build.0 = Release|x64
		{1AF3088E-9894-4A5D-B7AC-7E8BFFAA2497}.Release|x86.ActiveCfg = Release|Win32
		{1AF3088E-9894-4A5D-B7AC-7E8BFFAA2497}.Release|x86.Build.0 = Release|Win32
		{C6E9F408-163A-447D-8C02-653303A8E11E}.Debug|x64.ActiveCfg = Debug|x64
		{C6E9F408-163A-447D-8C02-653303A8E11E}.Debug|x64.Build.0 = Debug|x64
		{C6E9F408-163A-447D-8C02-653303A8E11E}.Debug|x86.ActiveCfg = Debug|Win32
		{C6E9F408-163A-447D-8C02-653303A8E11E}.Debug|x86.Build.0 = Debug|Win32
		{C6E9F408-163A-447D-8C02-653303A8E11E}.Release|x64.ActiveCfg = Release|x64
		{C6E9F408-163A-447D-8C02-653303A8E11E}.Release|x64.Build.0 = Release|x64
		{C6E9F408-163A-447D-8C02-653303A8E11E}.Release|x86.ActiveCfg = Release|Win32
		{C6E9F408-163A-447D-8C02-653303A8E11E}.Release|x86.Build.0 = Release|Win32
		{7B77A37C-AEBA-4A8F-8BEF-82CD7A276DDA}.Debug|x64.ActiveCfg = Debug|x64
		{7B77A37C-AEBA-4A8F-8BEF-82CD7A276DDA}.Debug|x64.Build.0 = Debug|x64
		{7B77A37C-AEBA-4A8F-8BEF-82CD7A276DDA}.Debug|x86.ActiveCfg = Debug|Win32
		{7B77A37C-AEBA-4A8F-8BEF-82CD7A276DDA}.Debug|x86.Build.0 = Debug|Win32
		{7B77A37C-AEBA-4A8F-8BEF-82CD7A276DDA}.Release|x64.ActiveCfg = Release|x64
		{7B77A37C-AEBA-4A8F-8BEF-82CD7A276DDA}.Release|x64.Build.0 = Release|x64
		{7B77A37C-AEBA-4A8F-8BEF-82CD7A276DDA}.Release|x86.ActiveCfg = Release|Win32
		{7B77A37C-AEBA-4A8F-8BEF-82CD7A276DDA}.Release|x86.Build.0 = Release|Win32
		{1929DA39-0D49-4BAC-A473-4B096B163B3A}.Debug|x64.ActiveCfg = Debug|x64
		{1929DA39-0D49-4BAC-A473-4B096B163B3A}.Debug|x64.Build.0 = Debug|x64
		{1929DA39-0D49-4BAC-A473-4B096B163B3A}.Debug|x86.ActiveCfg = Debug|Win32
		{1929DA39-0D49-4BAC-A473-4B096B163B3A}.Debug|x86.Build.0 = Debug|Win32
		{1929DA39-0D49-4BAC-A473-4B096B163B3A}.Release|x64.ActiveCfg = Release|x64
		{1929DA39-0D49-4BAC-A473-4B096B163B3A}.Release|x64.Build.0 = Release|x64
		{1929DA39-0D49-4BAC-A473-4B096B163B3A}.Release|x86.ActiveCfg = Release|Win32
		{1929DA39-0D49-4BAC-A473-4B096B163B3A}.Release|x86.Build.0 = Release|Win32
		{4FA4112A-BB5D-4799-9AEA-440B9789D386}.Debug|x64.ActiveCfg = Debug|x64
		{4FA4112A-BB5D-4799-9AEA-440B9789D386}.Debug|x64.Build.0 = Debug|x64
		{4FA4112A-BB5D-4799-9AEA-440B9789D386}.Debug|x86.ActiveCfg = Debug|Win32
		{4FA4112A-BB5D-4799-9AEA-440B9789D386}.Debug|x86.Build.0 = Debug|Win32
		{4FA4112A-BB5D-4799-9AEA-440B9789D386}.Release|x64.ActiveCfg = Release|x64
		{4FA4112A-BB5D-4799-9AEA-440B9789D386}.Release|x64.Build.0 = Release|x64
		{4FA4112A-BB5D-4799-9AEA-440B9789D386}.Release|x86.ActiveCfg = Release|Win32
		{4FA4112A-BB5D-4799-9AEA-440B9789D386}.Release|x86.Build.0 = Release|Win32
		{7F1A6582-8FC8-4031-9002-76098DC9CF2F}.Debug|x64.ActiveCfg = Debug|x64
		{7F1A6582-8FC8-4031-9002-76098DC9CF2F}.Debug|x64.Build.0 = Debug|x64
		{7F1A6582-8FC8-4031-9002-76098DC9CF2F}.Debug|x86.ActiveCfg = Debug|Win32
		{7F1A6582-8FC8-4031-9002-76098DC9CF2F}.Debug|x86.Build.0 = Debug|Win32
		{7F1A6582-8FC8-4031-9002-76098DC9CF2F}.Release|x64.ActiveCfg = Release|x64
		{7F1A6582-8FC8-4031-9002-76098DC9CF2F}.Release|x64.Build.0 = Release|x64
		{7F1A6582-8FC8-4031-9002-76098DC9CF2F}.Release|x86.ActiveCfg = Release|Win32
		{7F1A6582-8FC8-4031-9002-76098DC9CF2F}.Release|x86.Build.0 = Release|Win32
		{7769962C-E750-4589-A24F-21401A1756D4}.Debug|x64.ActiveCfg = Debug|x64
		{7769962C-E750-4589-A24F-21401A1756D4}.Debug|x64.Build.0 = Debug|x64
		{7769962C-E750-4589-A24F-21401A1756D4}.Debug|x86.ActiveCfg = Debug|Win32
		{7769962C-E750-4589-A24F-21401A1756D4}.Debug|x86.Build.0 = Debug|Win32
		{7769962C-E750-4589-A24F-21401A1756D4}.Release|x64.ActiveCfg = Release|x64
		{7769962C-E750-4589-A24F-21401A1756D4}.Release|x64.Build.0 = Release|x64
		{7769962C-E750-4589-A24F-21401A1756D4}.Release|x86.ActiveCfg = Release|Win32
		{7769962C-E750-4589-A24F-21401A1756D4}.Release|x86.Build.0 = Release|Win32
		{DA195D44-A1FC-427E-A643-C1976F32F0BB}.Debug|x64.ActiveCfg = Debug|x64
		{DA195D44-A1FC-427E-A643-C1976F32F0BB}.Debug|x64.Build.0 = Debug|x64
		{DA195D44-A1FC-427E-A643-C1976F32F0BB}.Debug|x86.ActiveCfg = Debug|Win32
		{DA195D44-A1FC-427E-A643-C1976F32F0BB}.Debug|x86.Build.0 = Debug|Win32
		{DA195D44-A1FC-427E-A643-C1976F32F0BB}.Release|x64.ActiveCfg = Release|x64
		{DA195D44-A1FC-427E-A643-C1976F32F0BB}.Release|x64.Build.0 = Release|x64
		{DA195D44-A1FC-427E-A643-C1976F32F0BB}.Release|x86.ActiveCfg = Release|Win32
		{DA195D44-A1FC-427E-A643-C1976F32F0BB}.Release|x86.Build.0 = Release|Win32
		{16C76F8D-4A4C-4EAE-B897-3A1A15D8F650}.Debug|x64.ActiveCfg = Debug|x64
		{16C76F8D-4A4C-4EAE-B897-3A1A15D8F650}.Debug|x64.Build.0 = Debug|x64
		{16C76F8D-4A4C-4EAE-B897-3A1A15D8F650}.Debug|x86.ActiveCfg = Debug|Win32
		{16C76F8D-4A4C-4EAE-B897-3A1A15D8F650}.Debug|x86.Build.0 = Debug|Win32
		{16C76F8D-4A4C-4EAE-B897-3A1A15D8F650}.Release|x64.ActiveCfg = Release|x64
		{16C76F8D-4A4C-4EAE-B897-3A1A15D8F650}.Release|x64.Build.0 = Release|x64
		{16C76F8D-4A4C-4EAE-B897-3A1A15D8F650}.Release|x86.ActiveCfg = Release|Win32
		{16C76F8D-4A4C-4EAE-B897-3A1A15D8F650}.Release|x86.Build.0 = Release|Win32
		{1115553E-4072-442D-B72B-29A7F75C900B}.Debug|x64.ActiveCfg = Debug|x64
		{1115553E-4072-442D-B72B-29A7F75C900B}.Debug|x64.Build.0 = Debug|x64
		{1115553E-4072-442D-B72B-29A7F75C900B}.Debug|x86.ActiveCfg = Debug|Win32
		{1115553E-4072-442D-B72B-29A7F75C900B}.Debug|x86.Build.0 = Debug|Win32
		{1115553E-4072-442D-B72B-29A7F75C900B}.Release|x64.ActiveCfg = Release|x64
		{1115553E-4072-442D-B72B-29A7F75C900B}.Release|x64.Build.0 = Release|x64
		{1115553E-4072-442D-B72B-29A7F75C900B}.Release|x86.ActiveCfg = Release|Win32
		{1115553E-4072-442D-B72B-29A7F75C900B}.Release|x86.Build.0 = Release|Win32
		{327B1216-37D5-4848-9965-7BB9992C85AC}.Debug|x64.ActiveCfg = Debug|x64
		{327B1216-37D5-4848-9965-7BB9992C85AC}.Debug|x64.Build.0 = Debug|x64
		{327B1216-37D5-4848-9965-7BB9992C85AC}.Debug|x86.ActiveCfg = Debug|Win32
		{327B1216-37D5-4848-9965-7BB9992C85AC}.Debug|x86.Build.0 = Debug|Win32
		{327B1216-37D5-4848-9965-7BB9992C85AC}.Release|x64.ActiveCfg = Release|x64
		{327B1216-37D5-4848-9965-7BB9992C85AC}.Release|x64.Build.0 = Release|x64
		{327B1216-37D5-4848-9965-7BB9992C85AC}.Release|x86.ActiveCfg = Release|Win32
		{327B1216-37D5-4848-9965-7BB9992C85AC}.Release|x86.Build.0 = Release|Win32
		{A8C4F5EA-1E65-4641-A967-11958644F248}.Debug|x64.ActiveCfg = Debug|x64
		{A8C4F5EA-1E65-4641-A967-11958644F248}.Debug|x64.Build.0 = Debug|x64
		{A8C4F5EA-1E65-4641-A967-11958644F248}.Debug|x86.ActiveCfg = Debug|Win32
		{A8C4F5EA-1E65-4641-A967-11958644F248}.Debug|x86.Build.0 = Debug|Win32
		{A8C4F5EA-1E65-4641-A967-11958644F248}.Release|x64.ActiveCfg = Release|x64
		{A8C4F5EA-1E65-4641-A967-11958644F248}.Release|x64.Build.0 = Release|x64
		{A8C4F5EA-1E65-4641-A967-11958644F248}.Release|x86.ActiveCfg = Release|Win32
		{A8C4F5EA-1E65-4641-A967-11958644F248}.Release|x86.Build.0 = Release|Win32
		{37FFFD0F-24AC-4560-B02A-578D81B15AF0}.Debug|x64.ActiveCfg = Debug|x64
		{37FFFD0F-24AC-4560-B02A-578D81B15AF0}.Debug|x64.Build.0 = Debug|x64
		{37FFFD0F-24AC-4560-B02A-578D81B15AF0}.Debug|x86.ActiveCfg = Debug|Win32
		{37FFFD0F-24AC-4560-B02A-578D81B15AF0}.Debug|x86.Build.0 = Debug|Win32
		{37FFFD0F-24AC-4560-B02A-578D81B15AF0}.Release|x64.ActiveCfg = Release|x64
		{37FFFD0F-24AC-4560-B02A-578D81B15AF0}.Release|x64.Build.0 = Release|x64
		{37FFFD0F-24AC-4560-B02A-578D81B15AF0}.Release|x86.ActiveCfg = Release|Win32
		{37FFFD0F-24AC-4560-B02A-578D81B15AF0}.Release|x86.Build.0 = Release|Win32
		{78C674A0-06F0-40D2-836D-9F1076F0DA6D}.Debug|x64.ActiveCfg = Debug|x64
		{78C674A0-06F0-40D2-836D-9F1076F0DA6D}.Debug|x64.Build.0 = Debug|x64
		{78C674A0-06F0-40D2-836D-9F1076F0DA6D}.Debug|x86.ActiveCfg = Debug|Win32
		{78C674A0-06F0-40D2-836D-9F1076F0DA6D}.Debug|x86.Build.0 = Debug|Win32
		{78C674A0-06F0-40D2-836D-9F1076F0DA6D}.Release|x64.ActiveCfg = Release|x64
		{78C674A0-06F0-40D2-836D-9F1076F0DA6D}.Release|x64.Build.0 = Release|x64
		{78C674A0-06F0-40D2-836D-9F1076F0DA6D}.Release|x86.ActiveCfg = Release|Win32
		{78C674A0-06F0-40D2-836D-9F1076F0DA6D}.Release|x86.Build.0 = Release|Win32
		{9C897EE8-F3ED-4A8E-B6AD-94EEF2C4B7D7}.Debug|x64.ActiveCfg = Debug|x64
		{9C897EE8-F3ED-4A8E-B6AD-94EEF2C4B7D7}.Debug|x64.Build.0 = Debug|x64
		{9C897EE8-F3ED-4A8E-B6AD-94EEF2C4B7D7}.Debug|x86.ActiveCfg = Debug|Win32
		{9C897EE8-F3ED-4A8E-B6AD-94EEF2C4B7D7}.Debug|x86.Build.0 = Debug|Win32
		{9C897EE8-F3ED-4A8E-B6AD-94EEF2C4B7D7}.Release|x64.ActiveCfg = Release|x64
		{9C897EE8-F3ED-4A8E-B6AD-94EEF2C4B7D7}.Release|x64.Build.0 = Release|x64
		{9C897EE8-F3ED-4A8E-B6AD-94EEF2C4B7D7}.Release|x86.ActiveCfg = Release|Win32
		{9C897EE8-F3ED-4A8E-B6AD-94EEF2C4B7D7}.Release|x86.Build.0 = Release|Win32
		{0D451CE4-D37E-4230-A626-23DE8F5FE520}.Debug|x64.ActiveCfg = Debug|x64
		{0D451CE4-D37E-4230-A626-23DE8F5FE520}.Debug|x64.Build.0 = Debug|x64
		{0D451CE4-D37E-4230-A626-23DE8F5FE520}.Debug|x86.ActiveCfg = Debug|Win32
		{0D451CE4-D37E-4230-A626-23DE8F5FE520}.Debug|x86.Build.0 = Debug|Win32
		{0D451CE4-D37E-4230-A626-23DE8F5FE520}.Release|x64.ActiveCfg = Release|x64
		{0D451CE4-D37E-4230-A626-23DE8F5FE520}.Release|x64.Build.0 = Release|x64
		{0D451CE4-D37E-4230-A626-23DE8F5FE520}.Release|x86.ActiveCfg = Release|Win32
		{0D451CE4-D37E-4230-A626-23DE8F5FE520}.Release|x86.Build.0 = Release|Win32
		{0BC1584F-0057-4223-81B4-AF632867CFF8}.Debug|x64.ActiveCfg = Debug|x64
		{0BC1584F-0057-4223-81B4-AF632867CFF8}.Debug|x64.Build.0 = Debug|x64
		{0BC1584F-0057-4223-81B4-AF632867CFF8}.Debug|x86.ActiveCfg = Debug|Win32
		{0BC1584F-0057-4223-81B4-AF632867CFF8}.Debug|x86.Build.0 = Debug|Win32
		{0BC1584F-0057-4223-81B4-AF632867CFF8}.Release|x64.ActiveCfg = Release|x64
		{0BC1584F-0057-4223-81B4-AF632867CFF8}.Release|x64.Build.0 = Release|x64
		{0BC1584F-0057-4223-81B4-AF632867CFF8}.Release|x86.ActiveCfg = Release|Win32
		{0BC1584F-0057-4223-81B4-AF632867CFF8}.Release|x86.Build.0 = Release|Win32
		{825B763F-2556-47DE-9BD6-9E2D5D66761E}.Debug|x64.ActiveCfg = Debug|x64
		{825B763F-2556-47DE-9BD6-9E2D5D66761E}.Debug|x64.Build.0 = Debug|x64
		{825B763F-2556-47DE-9BD6-9E2D5D66761E}.Debug|x86.ActiveCfg = Debug|Win32
		{825B763F-2556-47DE-9BD6-9E2D5D66761E}.Debug|x86.Build.0 = Debug|Win32
		{825B763F-2556-47DE-9BD6-9E2D5D66761E}.Release|x64.ActiveCfg = Release|x64
		{825B763F-2556-47DE-9BD6-9E2D5D66761E}.Release|x64.Build.0 = Release|x64
		{825B763F-2556-47DE-9BD6-9E2D5D66761E}.Release|x86.ActiveCfg = Release|Win32
		{825B763F-2556-47DE-9BD6-9E2D5D66761E}.Release|x86.Build.0 = Release|Win32
		{CF70921D-3358-468E-A4A8-138AB3F50AD2}.Debug|x64.ActiveCfg = Debug|x64
		{CF70921D-3358-468E-A4A8-138AB3F50AD2}.Debug|x64.Build.0 = Debug|x64
		{CF70921D-3358-468E-A4A8-138AB3F50AD2}.Debug|x86.ActiveCfg = Debug|Win32
		{CF70921D-3358-468E-A4A8-138AB3F50AD2}.Debug|x86.Build.0 = Debug|Win32
		{CF70921D-3358-468E-A4A8-138AB3F50AD2}.Release|x64.ActiveCfg = Release|x64
		{CF70921D-3358-468E-A4A8-138AB3F50AD2}.Release|x64.Build.0 = Release|x64
		{CF70921D-3358-468E-A4A8-138AB3F50AD2}.Release|x86.ActiveCfg = Release|Win32
		{CF70921D-3358-468E-A4A8-138AB3F50AD2}.Release|x86.Build.0 = Release|Win32
		{3B9FC9F3-37C8-45EC-B5B7-CD2F34CE1D81}.Debug|x64.ActiveCfg = Debug|x64
		{3B9FC9F3-37C8-45EC-B5B7-CD2F34CE1D81}.Debug|x64.Build.0 = Debug|x64
		{3B9FC9F3-37C8-45EC-B5B7-CD2F34CE1D81}.Debug|x86.ActiveCfg = Debug|Win32
		{3B9FC9F3-37C8-45EC-B5B7-CD2F34CE1D81}.Debug|x86.Build.0 = Debug|Win32
		{3B9FC9F3-37C8-45EC-B5B7-CD2F34CE1D81}.Release|x64.ActiveCfg = Release|x64
		{3B9FC9F3-37C8-45EC-B5B7-CD2F34CE1D81}.Release|x64.Build.0 = Release|x64
		{3B9FC9F3-37C8-45EC-B5B7-CD2F34CE1D81}.Release|x86.ActiveCfg = Release|Win32
		{3B9FC9F3-37C8-45EC-B5B7-CD2F34CE1D81}.Release|x86.Build.0 = Release|Win32
		{4730076A-9681-48BF-868E-CF781602491E}.Debug|x64.ActiveCfg = Debug|x64
		{4730076A-9681-48BF-868E-CF781602491E}.Debug|x64.Build.0 = Debug|x64
		{4730076A-9681-48BF-868E-CF781602491E}.Debug|x86.ActiveCfg = Debug|Win32
		{4730076A-9681-48BF-868E-CF781602491E}.Debug|x86.Build.0 = Debug|Win32
		{4730076A-9681-48BF-868E-CF781602491E}.Release|x64.ActiveCfg = Release|x64
		{4730076A-9681-48BF-868E-CF781602491E}.Release|x64.Build.0 = Release|x64
		{4730076A-9681-48BF-868E-CF781602491E}.Release|x86.ActiveCfg = Release|Win32
		{4730076A-9681-48BF-868E-CF781602491E}.Release|x86.Build.0 = Release|Win32
		{9BA65E37-07BB-4592-9D49-82B7F6878471}.Debug|x64.ActiveCfg = Debug|x64
		{9BA65E37-07BB-4592-9D49-82B7F6878471}.Debug|x64.Build.0 = Debug|x64
		{9BA65E37-07BB-4592-9D49-82B7F6878471}.Debug|x86.ActiveCfg = Debug|Win32
		{9BA65E37-07BB-4592-9D49-82B7F6878471}.Debug|x86.Build.0 = Debug|Win32
		{9BA65E37-07BB-4592-9D49-82B7F6878471}.Release|x64.ActiveCfg = Release|x64
		{9BA65E37-07BB-4592-9D49-82B7F6878471}.Release|x64.Build.0 = Release|x64
		{9BA65E37-07BB-4592-9D49-82B7F6878471}.Release|x86.ActiveCfg = Release|Win32
		{9BA65E37-07BB-4592-9D49-82B7F6878471}.Release|x86.Build.0 = Release|Win32
		{00FC9CEE-5D27-4AA5-AF82-26EAB1A5E580}.Debug|x64.ActiveCfg = Debug|x64
		{00FC9CEE-5D27-4AA5-AF82-26EAB1A5E580}.Debug|x64.Build.0 = Debug|x64
		{00FC9CEE-5D27-4AA5-AF82-26EAB1A5E580}.Debug|x86.ActiveCfg = Debug|Win32
		{00FC9CEE-5D27-4AA5-AF82-26EAB1A5E580}.Debug|x86.Build.0 = Debug|Win32
		{00FC9CEE-5D27-4AA5-AF82-26EAB1A5E580}.Release|x64.ActiveCfg = Release|x64
		{00FC9CEE-5D27-4AA5-AF82-26EAB1A5E580}.Release|x64.Build.0 = Release|x64
		{00FC9CEE-5D27-4AA5-AF82-26EAB1A5E580}.Release|x86.ActiveCfg = Release|Win32
		{00FC9CEE-5D27-4AA5-AF82-26EAB1A5E580}.Release|x86.Build.0 = Release|Win32
	EndGlobalSection
	GlobalSection(SolutionProperties) = preSolution
		HideSolutionNode = FALSE
	EndGlobalSection
	GlobalSection(ExtensibilityGlobals) = postSolution
		SolutionGuid = {B6206D64-2CC7-471D-9EB7-DDD41F5CA0EE}
	EndGlobalSection
EndGlobal
